// !$*UTF8*$!
{
	archiveVersion = 1;
	classes = {
	};
	objectVersion = 46;
	objects = {

/* Begin PBXBuildFile section */
		66B2629F1D47107300C1BFEC /* AppDelegate.swift in Sources */ = {isa = PBXBuildFile; fileRef = 66B2629E1D47107300C1BFEC /* AppDelegate.swift */; };
		66B262A11D47107300C1BFEC /* ViewController.swift in Sources */ = {isa = PBXBuildFile; fileRef = 66B262A01D47107300C1BFEC /* ViewController.swift */; };
		66B262A41D47107300C1BFEC /* Main.storyboard in Resources */ = {isa = PBXBuildFile; fileRef = 66B262A21D47107300C1BFEC /* Main.storyboard */; };
		66B262A61D47107300C1BFEC /* Assets.xcassets in Resources */ = {isa = PBXBuildFile; fileRef = 66B262A51D47107300C1BFEC /* Assets.xcassets */; };
		66B262A91D47107300C1BFEC /* LaunchScreen.storyboard in Resources */ = {isa = PBXBuildFile; fileRef = 66B262A71D47107300C1BFEC /* LaunchScreen.storyboard */; };
		66B262B21D4710DD00C1BFEC /* MDTextField.swift in Sources */ = {isa = PBXBuildFile; fileRef = 66B262B11D4710DD00C1BFEC /* MDTextField.swift */; };
/* End PBXBuildFile section */

/* Begin PBXFileReference section */
		66B2629B1D47107300C1BFEC /* DxMDTextField.app */ = {isa = PBXFileReference; explicitFileType = wrapper.application; includeInIndex = 0; path = DxMDTextField.app; sourceTree = BUILT_PRODUCTS_DIR; };
		66B2629E1D47107300C1BFEC /* AppDelegate.swift */ = {isa = PBXFileReference; lastKnownFileType = sourcecode.swift; path = AppDelegate.swift; sourceTree = "<group>"; };
		66B262A01D47107300C1BFEC /* ViewController.swift */ = {isa = PBXFileReference; lastKnownFileType = sourcecode.swift; path = ViewController.swift; sourceTree = "<group>"; };
		66B262A31D47107300C1BFEC /* Base */ = {isa = PBXFileReference; lastKnownFileType = file.storyboard; name = Base; path = Base.lproj/Main.storyboard; sourceTree = "<group>"; };
		66B262A51D47107300C1BFEC /* Assets.xcassets */ = {isa = PBXFileReference; lastKnownFileType = folder.assetcatalog; path = Assets.xcassets; sourceTree = "<group>"; };
		66B262A81D47107300C1BFEC /* Base */ = {isa = PBXFileReference; lastKnownFileType = file.storyboard; name = Base; path = Base.lproj/LaunchScreen.storyboard; sourceTree = "<group>"; };
		66B262AA1D47107300C1BFEC /* Info.plist */ = {isa = PBXFileReference; lastKnownFileType = text.plist.xml; path = Info.plist; sourceTree = "<group>"; };
		66B262B11D4710DD00C1BFEC /* MDTextField.swift */ = {isa = PBXFileReference; fileEncoding = 4; lastKnownFileType = sourcecode.swift; path = MDTextField.swift; sourceTree = "<group>"; };
/* End PBXFileReference section */

/* Begin PBXFrameworksBuildPhase section */
		66B262981D47107300C1BFEC /* Frameworks */ = {
			isa = PBXFrameworksBuildPhase;
			buildActionMask = 2147483647;
			files = (
			);
			runOnlyForDeploymentPostprocessing = 0;
		};
/* End PBXFrameworksBuildPhase section */

/* Begin PBXGroup section */
		66B262921D47107300C1BFEC = {
			isa = PBXGroup;
			children = (
				66B2629D1D47107300C1BFEC /* DxMDTextField */,
				66B2629C1D47107300C1BFEC /* Products */,
			);
			sourceTree = "<group>";
		};
		66B2629C1D47107300C1BFEC /* Products */ = {
			isa = PBXGroup;
			children = (
				66B2629B1D47107300C1BFEC /* DxMDTextField.app */,
			);
			name = Products;
			sourceTree = "<group>";
		};
		66B2629D1D47107300C1BFEC /* DxMDTextField */ = {
			isa = PBXGroup;
			children = (
				66B262B01D4710A500C1BFEC /* MDTextField */,
				66B2629E1D47107300C1BFEC /* AppDelegate.swift */,
				66B262A01D47107300C1BFEC /* ViewController.swift */,
				66B262A21D47107300C1BFEC /* Main.storyboard */,
				66B262A51D47107300C1BFEC /* Assets.xcassets */,
				66B262A71D47107300C1BFEC /* LaunchScreen.storyboard */,
				66B262AA1D47107300C1BFEC /* Info.plist */,
			);
			path = DxMDTextField;
			sourceTree = "<group>";
		};
		66B262B01D4710A500C1BFEC /* MDTextField */ = {
			isa = PBXGroup;
			children = (
				66B262B11D4710DD00C1BFEC /* MDTextField.swift */,
			);
			name = MDTextField;
			sourceTree = "<group>";
		};
/* End PBXGroup section */

/* Begin PBXNativeTarget section */
		66B2629A1D47107300C1BFEC /* DxMDTextField */ = {
			isa = PBXNativeTarget;
			buildConfigurationList = 66B262AD1D47107300C1BFEC /* Build configuration list for PBXNativeTarget "DxMDTextField" */;
			buildPhases = (
				66B262971D47107300C1BFEC /* Sources */,
				66B262981D47107300C1BFEC /* Frameworks */,
				66B262991D47107300C1BFEC /* Resources */,
			);
			buildRules = (
			);
			dependencies = (
			);
			name = DxMDTextField;
			productName = DxMDTextField;
			productReference = 66B2629B1D47107300C1BFEC /* DxMDTextField.app */;
			productType = "com.apple.product-type.application";
		};
/* End PBXNativeTarget section */

/* Begin PBXProject section */
		66B262931D47107300C1BFEC /* Project object */ = {
			isa = PBXProject;
			attributes = {
				LastSwiftUpdateCheck = 0730;
				LastUpgradeCheck = 0730;
				ORGANIZATIONNAME = dxc;
				TargetAttributes = {
					66B2629A1D47107300C1BFEC = {
						CreatedOnToolsVersion = 7.3;
					};
				};
			};
			buildConfigurationList = 66B262961D47107300C1BFEC /* Build configuration list for PBXProject "DxMDTextField" */;
			compatibilityVersion = "Xcode 3.2";
			developmentRegion = English;
			hasScannedForEncodings = 0;
			knownRegions = (
				en,
				Base,
			);
			mainGroup = 66B262921D47107300C1BFEC;
			productRefGroup = 66B2629C1D47107300C1BFEC /* Products */;
			projectDirPath = "";
			projectRoot = "";
			targets = (
				66B2629A1D47107300C1BFEC /* DxMDTextField */,
			);
		};
/* End PBXProject section */

/* Begin PBXResourcesBuildPhase section */
		66B262991D47107300C1BFEC /* Resources */ = {
			isa = PBXResourcesBuildPhase;
			buildActionMask = 2147483647;
			files = (
				66B262A91D47107300C1BFEC /* LaunchScreen.storyboard in Resources */,
				66B262A61D47107300C1BFEC /* Assets.xcassets in Resources */,
				66B262A41D47107300C1BFEC /* Main.storyboard in Resources */,
			);
			runOnlyForDeploymentPostprocessing = 0;
		};
/* End PBXResourcesBuildPhase section */

/* Begin PBXSourcesBuildPhase section */
		66B262971D47107300C1BFEC /* Sources */ = {
			isa = PBXSourcesBuildPhase;
			buildActionMask = 2147483647;
			files = (
				66B262A11D47107300C1BFEC /* ViewController.swift in Sources */,
				66B262B21D4710DD00C1BFEC /* MDTextField.swift in Sources */,
				66B2629F1D47107300C1BFEC /* AppDelegate.swift in Sources */,
			);
			runOnlyForDeploymentPostprocessing = 0;
		};
/* End PBXSourcesBuildPhase section */

/* Begin PBXVariantGroup section */
		66B262A21D47107300C1BFEC /* Main.storyboard */ = {
			isa = PBXVariantGroup;
			children = (
				66B262A31D47107300C1BFEC /* Base */,
			);
			name = Main.storyboard;
			sourceTree = "<group>";
		};
		66B262A71D47107300C1BFEC /* LaunchScreen.storyboard */ = {
			isa = PBXVariantGroup;
			children = (
				66B262A81D47107300C1BFEC /* Base */,
			);
			name = LaunchScreen.storyboard;
			sourceTree = "<group>";
		};
/* End PBXVariantGroup section */

/* Begin XCBuildConfiguration section */
		66B262AB1D47107300C1BFEC /* Debug */ = {
			isa = XCBuildConfiguration;
			buildSettings = {
				ALWAYS_SEARCH_USER_PATHS = NO;
				CLANG_ANALYZER_NONNULL = YES;
				CLANG_CXX_LANGUAGE_STANDARD = "gnu++0x";
				CLANG_CXX_LIBRARY = "libc++";
				CLANG_ENABLE_MODULES = YES;
				CLANG_ENABLE_OBJC_ARC = YES;
				CLANG_WARN_BOOL_CONVERSION = YES;
				CLANG_WARN_CONSTANT_CONVERSION = YES;
				CLANG_WARN_DIRECT_OBJC_ISA_USAGE = YES_ERROR;
				CLANG_WARN_EMPTY_BODY = YES;
				CLANG_WARN_ENUM_CONVERSION = YES;
				CLANG_WARN_INT_CONVERSION = YES;
				CLANG_WARN_OBJC_ROOT_CLASS = YES_ERROR;
				CLANG_WARN_UNREACHABLE_CODE = YES;
				CLANG_WARN__DUPLICATE_METHOD_MATCH = YES;
				"CODE_SIGN_IDENTITY[sdk=iphoneos*]" = "iPhone Developer";
				COPY_PHASE_STRIP = NO;
				DEBUG_INFORMATION_FORMAT = dwarf;
				ENABLE_STRICT_OBJC_MSGSEND = YES;
				ENABLE_TESTABILITY = YES;
				GCC_C_LANGUAGE_STANDARD = gnu99;
				GCC_DYNAMIC_NO_PIC = NO;
				GCC_NO_COMMON_BLOCKS = YES;
				GCC_OPTIMIZATION_LEVEL = 0;
				GCC_PREPROCESSOR_DEFINITIONS = (
					"DEBUG=1",
					"$(inherited)",
				);
				GCC_WARN_64_TO_32_BIT_CONVERSION = YES;
				GCC_WARN_ABOUT_RETURN_TYPE = YES_ERROR;
				GCC_WARN_UNDECLARED_SELECTOR = YES;
				GCC_WARN_UNINITIALIZED_AUTOS = YES_AGGRESSIVE;
				GCC_WARN_UNUSED_FUNCTION = YES;
				GCC_WARN_UNUSED_VARIABLE = YES;
				IPHONEOS_DEPLOYMENT_TARGET = 9.3;
				MTL_ENABLE_DEBUG_INFO = YES;
				ONLY_ACTIVE_ARCH = YES;
				SDKROOT = iphoneos;
				SWIFT_OPTIMIZATION_LEVEL = "-Onone";
			};
			name = Debug;
		};
		66B262AC1D47107300C1BFEC /* Release */ = {
			isa = XCBuildConfiguration;
			buildSettings = {
				ALWAYS_SEARCH_USER_PATHS = NO;
				CLANG_ANALYZER_NONNULL = YES;
				CLANG_CXX_LANGUAGE_STANDARD = "gnu++0x";
				CLANG_CXX_LIBRARY = "libc++";
				CLANG_ENABLE_MODULES = YES;
				CLANG_ENABLE_OBJC_ARC = YES;
				CLANG_WARN_BOOL_CONVERSION = YES;
				CLANG_WARN_CONSTANT_CONVERSION = YES;
				CLANG_WARN_DIRECT_OBJC_ISA_USAGE = YES_ERROR;
				CLANG_WARN_EMPTY_BODY = YES;
				CLANG_WARN_ENUM_CONVERSION = YES;
				CLANG_WARN_INT_CONVERSION = YES;
				CLANG_WARN_OBJC_ROOT_CLASS = YES_ERROR;
				CLANG_WARN_UNREACHABLE_CODE = YES;
				CLANG_WARN__DUPLICATE_METHOD_MATCH = YES;
				"CODE_SIGN_IDENTITY[sdk=iphoneos*]" = "iPhone Developer";
				COPY_PHASE_STRIP = NO;
				DEBUG_INFORMATION_FORMAT = "dwarf-with-dsym";
				ENABLE_NS_ASSERTIONS = NO;
				ENABLE_STRICT_OBJC_MSGSEND = YES;
				GCC_C_LANGUAGE_STANDARD = gnu99;
				GCC_NO_COMMON_BLOCKS = YES;
				GCC_WARN_64_TO_32_BIT_CONVERSION = YES;
				GCC_WARN_ABOUT_RETURN_TYPE = YES_ERROR;
				GCC_WARN_UNDECLARED_SELECTOR = YES;
				GCC_WARN_UNINITIALIZED_AUTOS = YES_AGGRESSIVE;
				GCC_WARN_UNUSED_FUNCTION = YES;
				GCC_WARN_UNUSED_VARIABLE = YES;
				IPHONEOS_DEPLOYMENT_TARGET = 9.3;
				MTL_ENABLE_DEBUG_INFO = NO;
				SDKROOT = iphoneos;
				VALIDATE_PRODUCT = YES;
			};
			name = Release;
		};
		66B262AE1D47107300C1BFEC /* Debug */ = {
			isa = XCBuildConfiguration;
			buildSettings = {
				ASSETCATALOG_COMPILER_APPICON_NAME = AppIcon;
				INFOPLIST_FILE = DxMDTextField/Info.plist;
				IPHONEOS_DEPLOYMENT_TARGET = 8.0;
				LD_RUNPATH_SEARCH_PATHS = "$(inherited) @executable_path/Frameworks";
				PRODUCT_BUNDLE_IDENTIFIER = com.dxc.DxMDTextField;
				PRODUCT_NAME = "$(TARGET_NAME)";
			};
			name = Debug;
		};
		66B262AF1D47107300C1BFEC /* Release */ = {
			isa = XCBuildConfiguration;
			buildSettings = {
				ASSETCATALOG_COMPILER_APPICON_NAME = AppIcon;
				INFOPLIST_FILE = DxMDTextField/Info.plist;
				IPHONEOS_DEPLOYMENT_TARGET = 8.0;
				LD_RUNPATH_SEARCH_PATHS = "$(inherited) @executable_path/Frameworks";
				PRODUCT_BUNDLE_IDENTIFIER = com.dxc.DxMDTextField;
				PRODUCT_NAME = "$(TARGET_NAME)";
			};
			name = Release;
		};
/* End XCBuildConfiguration section */

/* Begin XCConfigurationList section */
		66B262961D47107300C1BFEC /* Build configuration list for PBXProject "DxMDTextField" */ = {
			isa = XCConfigurationList;
			buildConfigurations = (
				66B262AB1D47107300C1BFEC /* Debug */,
				66B262AC1D47107300C1BFEC /* Release */,
			);
			defaultConfigurationIsVisible = 0;
			defaultConfigurationName = Release;
		};
		66B262AD1D47107300C1BFEC /* Build configuration list for PBXNativeTarget "DxMDTextField" */ = {
			isa = XCConfigurationList;
			buildConfigurations = (
				66B262AE1D47107300C1BFEC /* Debug */,
				66B262AF1D47107300C1BFEC /* Release */,
			);
			defaultConfigurationIsVisible = 0;
			defaultConfigurationName = Release;
		};
/* End XCConfigurationList section */
	};
	rootObject = 66B262931D47107300C1BFEC /* Project object */;
}
